
Microsoft Visual Studio Solution File, Format Version 12.00
# Visual Studio Version 16
VisualStudioVersion = 16.0.31025.194
MinimumVisualStudioVersion = 10.0.40219.1
Project("{9A19103F-16F7-4668-BE54-9A1E7A4F7556}") = "M03_StringOverviewFormattingParsingComparing", "M03_StringOverviewFormattingParsingComparing\M03_StringOverviewFormattingParsingComparing.csproj", "{DF23FA88-B914-47CD-AFA0-D654A7151B8E}"
EndProject
Project("{9A19103F-16F7-4668-BE54-9A1E7A4F7556}") = "M03_StringOverviewFormattingParsingComparing.Tests", "M03StringOverviewFormattingParsing.Tests\M03_StringOverviewFormattingParsingComparing.Tests.csproj", "{EEFC0BD8-395D-45BA-84DC-71EB183EBEF7}"
EndProject
Global
	GlobalSection(SolutionConfigurationPlatforms) = preSolution
		Debug|Any CPU = Debug|Any CPU
		Release|Any CPU = Release|Any CPU
	EndGlobalSection
	GlobalSection(ProjectConfigurationPlatforms) = postSolution
		{DF23FA88-B914-47CD-AFA0-D654A7151B8E}.Debug|Any CPU.ActiveCfg = Debug|Any CPU
		{DF23FA88-B914-47CD-AFA0-D654A7151B8E}.Debug|Any CPU.Build.0 = Debug|Any CPU
		{DF23FA88-B914-47CD-AFA0-D654A7151B8E}.Release|Any CPU.ActiveCfg = Release|Any CPU
		{DF23FA88-B914-47CD-AFA0-D654A7151B8E}.Release|Any CPU.Build.0 = Release|Any CPU
		{EEFC0BD8-395D-45BA-84DC-71EB183EBEF7}.Debug|Any CPU.ActiveCfg = Debug|Any CPU
		{EEFC0BD8-395D-45BA-84DC-71EB183EBEF7}.Debug|Any CPU.Build.0 = Debug|Any CPU
		{EEFC0BD8-395D-45BA-84DC-71EB183EBEF7}.Release|Any CPU.ActiveCfg = Release|Any CPU
		{EEFC0BD8-395D-45BA-84DC-71EB183EBEF7}.Release|Any CPU.Build.0 = Release|Any CPU
	EndGlobalSection
	GlobalSection(SolutionProperties) = preSolution
		HideSolutionNode = FALSE
	EndGlobalSection
	GlobalSection(ExtensibilityGlobals) = postSolution
		SolutionGuid = {C4697CED-401D-47D6-AD28-8BAE3A6B2652}
	EndGlobalSection
EndGlobal
