
Microsoft Visual Studio Solution File, Format Version 12.00
# Visual Studio Version 16
VisualStudioVersion = 16.0.31025.194
MinimumVisualStudioVersion = 10.0.40219.1
Project("{9A19103F-16F7-4668-BE54-9A1E7A4F7556}") = "Students", "Creating_types_in_C_ sharp\Students.csproj", "{FFFA97B3-6116-4262-964E-9D5B13D6D3C3}"
EndProject
Project("{FAE04EC0-301F-11D3-BF4B-00C04F79EFBC}") = "Performance", "Performance\Performance.csproj", "{68D01A2D-C01C-4902-8104-61D6DB3F7E5E}"
EndProject
Global
	GlobalSection(SolutionConfigurationPlatforms) = preSolution
		Debug|Any CPU = Debug|Any CPU
		Release|Any CPU = Release|Any CPU
	EndGlobalSection
	GlobalSection(ProjectConfigurationPlatforms) = postSolution
		{FFFA97B3-6116-4262-964E-9D5B13D6D3C3}.Debug|Any CPU.ActiveCfg = Debug|Any CPU
		{FFFA97B3-6116-4262-964E-9D5B13D6D3C3}.Debug|Any CPU.Build.0 = Debug|Any CPU
		{FFFA97B3-6116-4262-964E-9D5B13D6D3C3}.Release|Any CPU.ActiveCfg = Release|Any CPU
		{FFFA97B3-6116-4262-964E-9D5B13D6D3C3}.Release|Any CPU.Build.0 = Release|Any CPU
		{68D01A2D-C01C-4902-8104-61D6DB3F7E5E}.Debug|Any CPU.ActiveCfg = Debug|Any CPU
		{68D01A2D-C01C-4902-8104-61D6DB3F7E5E}.Debug|Any CPU.Build.0 = Debug|Any CPU
		{68D01A2D-C01C-4902-8104-61D6DB3F7E5E}.Release|Any CPU.ActiveCfg = Release|Any CPU
		{68D01A2D-C01C-4902-8104-61D6DB3F7E5E}.Release|Any CPU.Build.0 = Release|Any CPU
	EndGlobalSection
	GlobalSection(SolutionProperties) = preSolution
		HideSolutionNode = FALSE
	EndGlobalSection
	GlobalSection(ExtensibilityGlobals) = postSolution
		SolutionGuid = {77EC83AF-CB02-464D-B587-930808E40096}
	EndGlobalSection
EndGlobal
