
Microsoft Visual Studio Solution File, Format Version 12.00
# Visual Studio Version 16
VisualStudioVersion = 16.0.32002.261
MinimumVisualStudioVersion = 10.0.40219.1
Project("{9A19103F-16F7-4668-BE54-9A1E7A4F7556}") = "RestApi", "RestApi\RestApi.csproj", "{5A636412-1652-495A-B8D7-127643B258A0}"
EndProject
Project("{9A19103F-16F7-4668-BE54-9A1E7A4F7556}") = "DataAccess", "DataAccess\DataAccess.csproj", "{62784522-1B7C-45FC-A5EA-F978D5809F83}"
EndProject
Project("{9A19103F-16F7-4668-BE54-9A1E7A4F7556}") = "BussinessLogic", "BussinessLogic\BussinessLogic.csproj", "{F39277E5-0855-4B07-A7A8-70E069EDC7F2}"
EndProject
Project("{9A19103F-16F7-4668-BE54-9A1E7A4F7556}") = "Domain", "Domain\Domain.csproj", "{65003B28-5416-45A5-8E61-B09FE2AD4EB7}"
EndProject
Project("{FAE04EC0-301F-11D3-BF4B-00C04F79EFBC}") = "Module_10.UnitTests", "Module_10.UnitTests\Module_10.UnitTests.csproj", "{72DCF10D-FAAB-45E9-905C-84D52BB2DC73}"
EndProject
Project("{FAE04EC0-301F-11D3-BF4B-00C04F79EFBC}") = "Module_10.IntegrationsTests", "Module_10.IntegrationsTests\Module_10.IntegrationsTests.csproj", "{0AB7ACC7-0445-4726-BDAE-6E42EAC0AD6B}"
EndProject
Global
	GlobalSection(SolutionConfigurationPlatforms) = preSolution
		Debug|Any CPU = Debug|Any CPU
		Release|Any CPU = Release|Any CPU
	EndGlobalSection
	GlobalSection(ProjectConfigurationPlatforms) = postSolution
		{5A636412-1652-495A-B8D7-127643B258A0}.Debug|Any CPU.ActiveCfg = Debug|Any CPU
		{5A636412-1652-495A-B8D7-127643B258A0}.Debug|Any CPU.Build.0 = Debug|Any CPU
		{5A636412-1652-495A-B8D7-127643B258A0}.Release|Any CPU.ActiveCfg = Release|Any CPU
		{5A636412-1652-495A-B8D7-127643B258A0}.Release|Any CPU.Build.0 = Release|Any CPU
		{62784522-1B7C-45FC-A5EA-F978D5809F83}.Debug|Any CPU.ActiveCfg = Debug|Any CPU
		{62784522-1B7C-45FC-A5EA-F978D5809F83}.Debug|Any CPU.Build.0 = Debug|Any CPU
		{62784522-1B7C-45FC-A5EA-F978D5809F83}.Release|Any CPU.ActiveCfg = Release|Any CPU
		{62784522-1B7C-45FC-A5EA-F978D5809F83}.Release|Any CPU.Build.0 = Release|Any CPU
		{F39277E5-0855-4B07-A7A8-70E069EDC7F2}.Debug|Any CPU.ActiveCfg = Debug|Any CPU
		{F39277E5-0855-4B07-A7A8-70E069EDC7F2}.Debug|Any CPU.Build.0 = Debug|Any CPU
		{F39277E5-0855-4B07-A7A8-70E069EDC7F2}.Release|Any CPU.ActiveCfg = Release|Any CPU
		{F39277E5-0855-4B07-A7A8-70E069EDC7F2}.Release|Any CPU.Build.0 = Release|Any CPU
		{65003B28-5416-45A5-8E61-B09FE2AD4EB7}.Debug|Any CPU.ActiveCfg = Debug|Any CPU
		{65003B28-5416-45A5-8E61-B09FE2AD4EB7}.Debug|Any CPU.Build.0 = Debug|Any CPU
		{65003B28-5416-45A5-8E61-B09FE2AD4EB7}.Release|Any CPU.ActiveCfg = Release|Any CPU
		{65003B28-5416-45A5-8E61-B09FE2AD4EB7}.Release|Any CPU.Build.0 = Release|Any CPU
		{72DCF10D-FAAB-45E9-905C-84D52BB2DC73}.Debug|Any CPU.ActiveCfg = Debug|Any CPU
		{72DCF10D-FAAB-45E9-905C-84D52BB2DC73}.Debug|Any CPU.Build.0 = Debug|Any CPU
		{72DCF10D-FAAB-45E9-905C-84D52BB2DC73}.Release|Any CPU.ActiveCfg = Release|Any CPU
		{72DCF10D-FAAB-45E9-905C-84D52BB2DC73}.Release|Any CPU.Build.0 = Release|Any CPU
		{0AB7ACC7-0445-4726-BDAE-6E42EAC0AD6B}.Debug|Any CPU.ActiveCfg = Debug|Any CPU
		{0AB7ACC7-0445-4726-BDAE-6E42EAC0AD6B}.Debug|Any CPU.Build.0 = Debug|Any CPU
		{0AB7ACC7-0445-4726-BDAE-6E42EAC0AD6B}.Release|Any CPU.ActiveCfg = Release|Any CPU
		{0AB7ACC7-0445-4726-BDAE-6E42EAC0AD6B}.Release|Any CPU.Build.0 = Release|Any CPU
	EndGlobalSection
	GlobalSection(SolutionProperties) = preSolution
		HideSolutionNode = FALSE
	EndGlobalSection
	GlobalSection(ExtensibilityGlobals) = postSolution
		SolutionGuid = {C0EF37F5-0D51-4736-80E4-7D3DD7C1FF3D}
	EndGlobalSection
EndGlobal
