
Microsoft Visual Studio Solution File, Format Version 12.00
# Visual Studio Version 16
VisualStudioVersion = 16.0.32002.261
MinimumVisualStudioVersion = 10.0.40219.1
Project("{9A19103F-16F7-4668-BE54-9A1E7A4F7556}") = "GenericsAndCollections", "M08_Generics_And_Collections\GenericsAndCollections.csproj", "{CEE85CE0-5A3C-4470-B4AA-BE718D3FC0D4}"
EndProject
Project("{FAE04EC0-301F-11D3-BF4B-00C04F79EFBC}") = "ConsoleProject", "ConsoleProject\ConsoleProject.csproj", "{A6732773-88B3-420D-B49D-375AF31D60D2}"
EndProject
Project("{FAE04EC0-301F-11D3-BF4B-00C04F79EFBC}") = "GenericsAndCollections.Tests", "GenericsAndCollections.Tests\GenericsAndCollections.Tests.csproj", "{794D4872-D10A-4831-B255-33BBB8E4D216}"
EndProject
Global
	GlobalSection(SolutionConfigurationPlatforms) = preSolution
		Debug|Any CPU = Debug|Any CPU
		Release|Any CPU = Release|Any CPU
	EndGlobalSection
	GlobalSection(ProjectConfigurationPlatforms) = postSolution
		{CEE85CE0-5A3C-4470-B4AA-BE718D3FC0D4}.Debug|Any CPU.ActiveCfg = Debug|Any CPU
		{CEE85CE0-5A3C-4470-B4AA-BE718D3FC0D4}.Debug|Any CPU.Build.0 = Debug|Any CPU
		{CEE85CE0-5A3C-4470-B4AA-BE718D3FC0D4}.Release|Any CPU.ActiveCfg = Release|Any CPU
		{CEE85CE0-5A3C-4470-B4AA-BE718D3FC0D4}.Release|Any CPU.Build.0 = Release|Any CPU
		{A6732773-88B3-420D-B49D-375AF31D60D2}.Debug|Any CPU.ActiveCfg = Debug|Any CPU
		{A6732773-88B3-420D-B49D-375AF31D60D2}.Debug|Any CPU.Build.0 = Debug|Any CPU
		{A6732773-88B3-420D-B49D-375AF31D60D2}.Release|Any CPU.ActiveCfg = Release|Any CPU
		{A6732773-88B3-420D-B49D-375AF31D60D2}.Release|Any CPU.Build.0 = Release|Any CPU
		{794D4872-D10A-4831-B255-33BBB8E4D216}.Debug|Any CPU.ActiveCfg = Debug|Any CPU
		{794D4872-D10A-4831-B255-33BBB8E4D216}.Debug|Any CPU.Build.0 = Debug|Any CPU
		{794D4872-D10A-4831-B255-33BBB8E4D216}.Release|Any CPU.ActiveCfg = Release|Any CPU
		{794D4872-D10A-4831-B255-33BBB8E4D216}.Release|Any CPU.Build.0 = Release|Any CPU
	EndGlobalSection
	GlobalSection(SolutionProperties) = preSolution
		HideSolutionNode = FALSE
	EndGlobalSection
	GlobalSection(ExtensibilityGlobals) = postSolution
		SolutionGuid = {1FE19C7B-0F14-4496-8DEA-D83A35B6B3A9}
	EndGlobalSection
EndGlobal
